
Microsoft Visual Studio Solution File, Format Version 12.00
# Visual Studio Version 16
VisualStudioVersion = 16.0.29324.140
MinimumVisualStudioVersion = 10.0.40219.1
Project("{2150E333-8FDC-42A3-9474-1A3956D46DE8}") = "Microservices", "Microservices", "{95A08DA9-40A5-4AF2-B589-5A9DEDB4EF4E}"
EndProject
Project("{2150E333-8FDC-42A3-9474-1A3956D46DE8}") = "Domain", "Domain", "{472D43D4-5A8E-48C1-B606-7FB6821CBEEA}"
EndProject
Project("{2150E333-8FDC-42A3-9474-1A3956D46DE8}") = "InfrastructureBus", "InfrastructureBus", "{CA701731-5FE2-4D4C-A4D9-5709AB3E979B}"
EndProject
Project("{2150E333-8FDC-42A3-9474-1A3956D46DE8}") = "InfrastructureIoC", "InfrastructureIoC", "{53A2BB1D-C91A-45AB-9131-C9CB7894214C}"
EndProject
Project("{2150E333-8FDC-42A3-9474-1A3956D46DE8}") = "Presentation", "Presentation", "{DAA45908-1D94-413E-93F0-3B9BF07AE185}"
EndProject
Project("{9A19103F-16F7-4668-BE54-9A1E7A4F7556}") = "MicroRabbit.Domain.Core", "MicroRabbit.Domain.Core\MicroRabbit.Domain.Core.csproj", "{13FD004E-E996-43D7-95E4-7BEA2F5E20A7}"
EndProject
Project("{9A19103F-16F7-4668-BE54-9A1E7A4F7556}") = "MicroRabbit.Infrastructure.Bus", "MicroRabbit.Infrastructure.Bus\MicroRabbit.Infrastructure.Bus.csproj", "{21CB698D-7BAE-48F5-9F47-46121FB0B36C}"
EndProject
Project("{9A19103F-16F7-4668-BE54-9A1E7A4F7556}") = "MicroRabbit.Infrastructure.IoC", "MicroRabbit.Infrastructure.IoC\MicroRabbit.Infrastructure.IoC.csproj", "{6A0C0197-1887-4464-A305-FF5EE89D6AA2}"
EndProject
Project("{2150E333-8FDC-42A3-9474-1A3956D46DE8}") = "Banking", "Banking", "{B14A3AA6-9619-4D10-9C40-452156DE33CF}"
EndProject
Project("{2150E333-8FDC-42A3-9474-1A3956D46DE8}") = "Api", "Api", "{BC5C7A9D-DF0A-4FE3-876D-B24C7B41A2EA}"
EndProject
Project("{2150E333-8FDC-42A3-9474-1A3956D46DE8}") = "Domain", "Domain", "{0E39FAEA-A915-46A6-86F6-A222FB424171}"
EndProject
Project("{2150E333-8FDC-42A3-9474-1A3956D46DE8}") = "Application", "Application", "{5A639BFA-2732-4072-B3E2-D2163E3CA172}"
EndProject
Project("{2150E333-8FDC-42A3-9474-1A3956D46DE8}") = "Data", "Data", "{7073C042-28FE-4149-9F89-E3EABE0DB1CC}"
EndProject
Project("{FAE04EC0-301F-11D3-BF4B-00C04F79EFBC}") = "MicroRabbit.Banking.Api", "MicroRabbit.Banking.Api\MicroRabbit.Banking.Api.csproj", "{507B0908-05DF-46A7-B8D1-B8A00EFD8C6C}"
EndProject
Project("{FAE04EC0-301F-11D3-BF4B-00C04F79EFBC}") = "MicroRabbit.Banking.Application", "MicroRabbit.Banking.Application\MicroRabbit.Banking.Application.csproj", "{949F4EA5-AF32-44A1-BB97-6466E554F15C}"
EndProject
Project("{FAE04EC0-301F-11D3-BF4B-00C04F79EFBC}") = "MicroRabbit.Banking.Data", "MicroRabbit.Banking.Data\MicroRabbit.Banking.Data.csproj", "{8CAF5564-656D-428E-A23B-90684A8E1945}"
EndProject
Project("{FAE04EC0-301F-11D3-BF4B-00C04F79EFBC}") = "MicroRabbit.Banking.Domain", "MicroRabbit.Banking.Domain\MicroRabbit.Banking.Domain.csproj", "{245E23D0-499B-44A3-B55A-29E2170B5970}"
EndProject
Global
	GlobalSection(SolutionConfigurationPlatforms) = preSolution
		Debug|Any CPU = Debug|Any CPU
		Release|Any CPU = Release|Any CPU
	EndGlobalSection
	GlobalSection(ProjectConfigurationPlatforms) = postSolution
		{13FD004E-E996-43D7-95E4-7BEA2F5E20A7}.Debug|Any CPU.ActiveCfg = Debug|Any CPU
		{13FD004E-E996-43D7-95E4-7BEA2F5E20A7}.Debug|Any CPU.Build.0 = Debug|Any CPU
		{13FD004E-E996-43D7-95E4-7BEA2F5E20A7}.Release|Any CPU.ActiveCfg = Release|Any CPU
		{13FD004E-E996-43D7-95E4-7BEA2F5E20A7}.Release|Any CPU.Build.0 = Release|Any CPU
		{21CB698D-7BAE-48F5-9F47-46121FB0B36C}.Debug|Any CPU.ActiveCfg = Debug|Any CPU
		{21CB698D-7BAE-48F5-9F47-46121FB0B36C}.Debug|Any CPU.Build.0 = Debug|Any CPU
		{21CB698D-7BAE-48F5-9F47-46121FB0B36C}.Release|Any CPU.ActiveCfg = Release|Any CPU
		{21CB698D-7BAE-48F5-9F47-46121FB0B36C}.Release|Any CPU.Build.0 = Release|Any CPU
		{6A0C0197-1887-4464-A305-FF5EE89D6AA2}.Debug|Any CPU.ActiveCfg = Debug|Any CPU
		{6A0C0197-1887-4464-A305-FF5EE89D6AA2}.Debug|Any CPU.Build.0 = Debug|Any CPU
		{6A0C0197-1887-4464-A305-FF5EE89D6AA2}.Release|Any CPU.ActiveCfg = Release|Any CPU
		{6A0C0197-1887-4464-A305-FF5EE89D6AA2}.Release|Any CPU.Build.0 = Release|Any CPU
		{507B0908-05DF-46A7-B8D1-B8A00EFD8C6C}.Debug|Any CPU.ActiveCfg = Debug|Any CPU
		{507B0908-05DF-46A7-B8D1-B8A00EFD8C6C}.Debug|Any CPU.Build.0 = Debug|Any CPU
		{507B0908-05DF-46A7-B8D1-B8A00EFD8C6C}.Release|Any CPU.ActiveCfg = Release|Any CPU
		{507B0908-05DF-46A7-B8D1-B8A00EFD8C6C}.Release|Any CPU.Build.0 = Release|Any CPU
		{949F4EA5-AF32-44A1-BB97-6466E554F15C}.Debug|Any CPU.ActiveCfg = Debug|Any CPU
		{949F4EA5-AF32-44A1-BB97-6466E554F15C}.Debug|Any CPU.Build.0 = Debug|Any CPU
		{949F4EA5-AF32-44A1-BB97-6466E554F15C}.Release|Any CPU.ActiveCfg = Release|Any CPU
		{949F4EA5-AF32-44A1-BB97-6466E554F15C}.Release|Any CPU.Build.0 = Release|Any CPU
		{8CAF5564-656D-428E-A23B-90684A8E1945}.Debug|Any CPU.ActiveCfg = Debug|Any CPU
		{8CAF5564-656D-428E-A23B-90684A8E1945}.Debug|Any CPU.Build.0 = Debug|Any CPU
		{8CAF5564-656D-428E-A23B-90684A8E1945}.Release|Any CPU.ActiveCfg = Release|Any CPU
		{8CAF5564-656D-428E-A23B-90684A8E1945}.Release|Any CPU.Build.0 = Release|Any CPU
		{245E23D0-499B-44A3-B55A-29E2170B5970}.Debug|Any CPU.ActiveCfg = Debug|Any CPU
		{245E23D0-499B-44A3-B55A-29E2170B5970}.Debug|Any CPU.Build.0 = Debug|Any CPU
		{245E23D0-499B-44A3-B55A-29E2170B5970}.Release|Any CPU.ActiveCfg = Release|Any CPU
		{245E23D0-499B-44A3-B55A-29E2170B5970}.Release|Any CPU.Build.0 = Release|Any CPU
	EndGlobalSection
	GlobalSection(SolutionProperties) = preSolution
		HideSolutionNode = FALSE
	EndGlobalSection
	GlobalSection(NestedProjects) = preSolution
		{13FD004E-E996-43D7-95E4-7BEA2F5E20A7} = {472D43D4-5A8E-48C1-B606-7FB6821CBEEA}
		{21CB698D-7BAE-48F5-9F47-46121FB0B36C} = {CA701731-5FE2-4D4C-A4D9-5709AB3E979B}
		{6A0C0197-1887-4464-A305-FF5EE89D6AA2} = {53A2BB1D-C91A-45AB-9131-C9CB7894214C}
		{B14A3AA6-9619-4D10-9C40-452156DE33CF} = {95A08DA9-40A5-4AF2-B589-5A9DEDB4EF4E}
		{BC5C7A9D-DF0A-4FE3-876D-B24C7B41A2EA} = {B14A3AA6-9619-4D10-9C40-452156DE33CF}
		{0E39FAEA-A915-46A6-86F6-A222FB424171} = {B14A3AA6-9619-4D10-9C40-452156DE33CF}
		{5A639BFA-2732-4072-B3E2-D2163E3CA172} = {B14A3AA6-9619-4D10-9C40-452156DE33CF}
		{7073C042-28FE-4149-9F89-E3EABE0DB1CC} = {B14A3AA6-9619-4D10-9C40-452156DE33CF}
		{507B0908-05DF-46A7-B8D1-B8A00EFD8C6C} = {BC5C7A9D-DF0A-4FE3-876D-B24C7B41A2EA}
		{949F4EA5-AF32-44A1-BB97-6466E554F15C} = {5A639BFA-2732-4072-B3E2-D2163E3CA172}
		{8CAF5564-656D-428E-A23B-90684A8E1945} = {7073C042-28FE-4149-9F89-E3EABE0DB1CC}
		{245E23D0-499B-44A3-B55A-29E2170B5970} = {0E39FAEA-A915-46A6-86F6-A222FB424171}
	EndGlobalSection
	GlobalSection(ExtensibilityGlobals) = postSolution
		SolutionGuid = {3AE1EEF2-6D31-44E7-A14A-2272CB729B47}
	EndGlobalSection
EndGlobal
